// !$*UTF8*$!
{
	archiveVersion = 1;
	classes = {
	};
	objectVersion = 46;
	objects = {

/* Begin PBXBuildFile section */
		2F281FC483422DD4FFD6F469 /* Pods_Backbone_BackboneTests.framework in Frameworks */ = {isa = PBXBuildFile; fileRef = 0894D42CB79F9FD51AECC0EC /* Pods_Backbone_BackboneTests.framework */; };
		61E97006A536747E57AEAFB3 /* Pods_BackboneUITests.framework in Frameworks */ = {isa = PBXBuildFile; fileRef = 1548F936D70B33E4493DE982 /* Pods_BackboneUITests.framework */; };
		7E01CD761CAACCAC006780DD /* FabricInitializer.swift in Sources */ = {isa = PBXBuildFile; fileRef = 7E47277A1C9BF77B00AE4A67 /* FabricInitializer.swift */; };
		7E09639D1CABD8B900731846 /* UIColor+NotificationCenterColors.swift in Sources */ = {isa = PBXBuildFile; fileRef = 7E09639C1CABD8B900731846 /* UIColor+NotificationCenterColors.swift */; };
		7E09639F1CABD93000731846 /* ConfigReader+AppConfig.swift in Sources */ = {isa = PBXBuildFile; fileRef = 7E09639E1CABD93000731846 /* ConfigReader+AppConfig.swift */; };
		7E4726E51C9AC12C00AE4A67 /* AppDelegate.swift in Sources */ = {isa = PBXBuildFile; fileRef = 7E4726E41C9AC12C00AE4A67 /* AppDelegate.swift */; };
		7E4726E71C9AC12C00AE4A67 /* ViewController.swift in Sources */ = {isa = PBXBuildFile; fileRef = 7E4726E61C9AC12C00AE4A67 /* ViewController.swift */; };
		7E4726EA1C9AC12C00AE4A67 /* Main.storyboard in Resources */ = {isa = PBXBuildFile; fileRef = 7E4726E81C9AC12C00AE4A67 /* Main.storyboard */; };
		7E4726EC1C9AC12C00AE4A67 /* Assets.xcassets in Resources */ = {isa = PBXBuildFile; fileRef = 7E4726EB1C9AC12C00AE4A67 /* Assets.xcassets */; };
		7E4726EF1C9AC12C00AE4A67 /* LaunchScreen.storyboard in Resources */ = {isa = PBXBuildFile; fileRef = 7E4726ED1C9AC12C00AE4A67 /* LaunchScreen.storyboard */; };
		7E4726FA1C9AC12C00AE4A67 /* BackboneTests.swift in Sources */ = {isa = PBXBuildFile; fileRef = 7E4726F91C9AC12C00AE4A67 /* BackboneTests.swift */; };
		7E47273A1C9ACD3800AE4A67 /* ViewController.swift in Sources */ = {isa = PBXBuildFile; fileRef = 7E4726E61C9AC12C00AE4A67 /* ViewController.swift */; };
		7E47273B1C9ACD3800AE4A67 /* AppDelegate.swift in Sources */ = {isa = PBXBuildFile; fileRef = 7E4726E41C9AC12C00AE4A67 /* AppDelegate.swift */; };
		7E47273E1C9ACD3800AE4A67 /* LaunchScreen.storyboard in Resources */ = {isa = PBXBuildFile; fileRef = 7E4726ED1C9AC12C00AE4A67 /* LaunchScreen.storyboard */; };
		7E47273F1C9ACD3800AE4A67 /* Assets.xcassets in Resources */ = {isa = PBXBuildFile; fileRef = 7E4726EB1C9AC12C00AE4A67 /* Assets.xcassets */; };
		7E4727401C9ACD3800AE4A67 /* Main.storyboard in Resources */ = {isa = PBXBuildFile; fileRef = 7E4726E81C9AC12C00AE4A67 /* Main.storyboard */; };
		7E47275B1C9ACE2A00AE4A67 /* BackboneUITests.swift in Sources */ = {isa = PBXBuildFile; fileRef = 7E47275A1C9ACE2A00AE4A67 /* BackboneUITests.swift */; };
		7E4727671C9AFCDE00AE4A67 /* AppConfig.plist in Resources */ = {isa = PBXBuildFile; fileRef = 7E4727641C9AFCDE00AE4A67 /* AppConfig.plist */; };
		7E4727691C9AFCDE00AE4A67 /* AppConfig~debug.plist in Resources */ = {isa = PBXBuildFile; fileRef = 7E4727661C9AFCDE00AE4A67 /* AppConfig~debug.plist */; };
		7E47276B1C9AFCE700AE4A67 /* AppConfig~debug~uitests.plist in Resources */ = {isa = PBXBuildFile; fileRef = 7E47276A1C9AFCE700AE4A67 /* AppConfig~debug~uitests.plist */; };
		7E4727701C9B006D00AE4A67 /* AppConfig.plist in Resources */ = {isa = PBXBuildFile; fileRef = 7E4727641C9AFCDE00AE4A67 /* AppConfig.plist */; };
		7E4727721C9B007B00AE4A67 /* AppConfig~debug.plist in Resources */ = {isa = PBXBuildFile; fileRef = 7E4727661C9AFCDE00AE4A67 /* AppConfig~debug.plist */; };
		7E4727761C9B052600AE4A67 /* EnvironmentSettings.swift in Sources */ = {isa = PBXBuildFile; fileRef = 7E4727751C9B052600AE4A67 /* EnvironmentSettings.swift */; };
		7E4727771C9B05DC00AE4A67 /* EnvironmentSettings.swift in Sources */ = {isa = PBXBuildFile; fileRef = 7E4727751C9B052600AE4A67 /* EnvironmentSettings.swift */; };
		7E47277B1C9BF77B00AE4A67 /* FabricInitializer.swift in Sources */ = {isa = PBXBuildFile; fileRef = 7E47277A1C9BF77B00AE4A67 /* FabricInitializer.swift */; };
		7E4727841C9C28F800AE4A67 /* DatabaseInitializer.swift in Sources */ = {isa = PBXBuildFile; fileRef = 7E4727831C9C28F800AE4A67 /* DatabaseInitializer.swift */; };
		7E4727851C9C28FB00AE4A67 /* DatabaseInitializer.swift in Sources */ = {isa = PBXBuildFile; fileRef = 7E4727831C9C28F800AE4A67 /* DatabaseInitializer.swift */; };
		7E4727881C9C2B1200AE4A67 /* DBAccess.swift in Sources */ = {isa = PBXBuildFile; fileRef = 7E4727871C9C2B1200AE4A67 /* DBAccess.swift */; };
		7E4727891C9C2B1500AE4A67 /* DBAccess.swift in Sources */ = {isa = PBXBuildFile; fileRef = 7E4727871C9C2B1200AE4A67 /* DBAccess.swift */; };
		7E47278B1C9C2B9A00AE4A67 /* RealmFactory.swift in Sources */ = {isa = PBXBuildFile; fileRef = 7E47278A1C9C2B9A00AE4A67 /* RealmFactory.swift */; };
		7E47278C1C9C2B9C00AE4A67 /* RealmFactory.swift in Sources */ = {isa = PBXBuildFile; fileRef = 7E47278A1C9C2B9A00AE4A67 /* RealmFactory.swift */; };
		7E47278F1C9C2BDF00AE4A67 /* DBFactoryProtocol.swift in Sources */ = {isa = PBXBuildFile; fileRef = 7E47278E1C9C2BDF00AE4A67 /* DBFactoryProtocol.swift */; };
		7E4727901C9C2BE100AE4A67 /* DBFactoryProtocol.swift in Sources */ = {isa = PBXBuildFile; fileRef = 7E47278E1C9C2BDF00AE4A67 /* DBFactoryProtocol.swift */; };
		7E4997DD1CAC0B23002BF8BB /* UIColor+NotificationCenterColors.swift in Sources */ = {isa = PBXBuildFile; fileRef = 7E09639C1CABD8B900731846 /* UIColor+NotificationCenterColors.swift */; };
		7EC090CD1CABDB79003CB3DC /* AppConfig~alpha.plist in Resources */ = {isa = PBXBuildFile; fileRef = 7EC090CC1CABDB79003CB3DC /* AppConfig~alpha.plist */; };
		7EFDBD3E1CA2C3EA008DD4C2 /* AssetDownloadServiceInitializer.swift in Sources */ = {isa = PBXBuildFile; fileRef = 7EFDBD3D1CA2C3EA008DD4C2 /* AssetDownloadServiceInitializer.swift */; };
		7EFDBD3F1CA2C3ED008DD4C2 /* AssetDownloadServiceInitializer.swift in Sources */ = {isa = PBXBuildFile; fileRef = 7EFDBD3D1CA2C3EA008DD4C2 /* AssetDownloadServiceInitializer.swift */; };
		7EFDBD411CA2C4BA008DD4C2 /* CocoaLumberjackInitializer.swift in Sources */ = {isa = PBXBuildFile; fileRef = 7EFDBD401CA2C4BA008DD4C2 /* CocoaLumberjackInitializer.swift */; };
		7EFDBD421CA2C4BD008DD4C2 /* CocoaLumberjackInitializer.swift in Sources */ = {isa = PBXBuildFile; fileRef = 7EFDBD401CA2C4BA008DD4C2 /* CocoaLumberjackInitializer.swift */; };
		7EFDBD441CA2D828008DD4C2 /* ASNotificationServiceInitializer.swift in Sources */ = {isa = PBXBuildFile; fileRef = 7EFDBD431CA2D828008DD4C2 /* ASNotificationServiceInitializer.swift */; };
		7EFDBD451CA2D91F008DD4C2 /* ASNotificationServiceInitializer.swift in Sources */ = {isa = PBXBuildFile; fileRef = 7EFDBD431CA2D828008DD4C2 /* ASNotificationServiceInitializer.swift */; };
		8B6CC47B48C138F78AC2BF8F /* Pods_Backbone_BackboneUI.framework in Frameworks */ = {isa = PBXBuildFile; fileRef = 58C9EA8260811255F59A11A0 /* Pods_Backbone_BackboneUI.framework */; };
		DECAE20D828799B66FC43A22 /* Pods_Backbone.framework in Frameworks */ = {isa = PBXBuildFile; fileRef = 4684BAA2410A5AE097E74BC6 /* Pods_Backbone.framework */; };
/* End PBXBuildFile section */

/* Begin PBXContainerItemProxy section */
		7E4726F61C9AC12C00AE4A67 /* PBXContainerItemProxy */ = {
			isa = PBXContainerItemProxy;
			containerPortal = 7E4726D91C9AC12C00AE4A67 /* Project object */;
			proxyType = 1;
			remoteGlobalIDString = 7E4726E01C9AC12C00AE4A67;
			remoteInfo = Backbone;
		};
		7E47275D1C9ACE2A00AE4A67 /* PBXContainerItemProxy */ = {
			isa = PBXContainerItemProxy;
			containerPortal = 7E4726D91C9AC12C00AE4A67 /* Project object */;
			proxyType = 1;
			remoteGlobalIDString = 7E4726E01C9AC12C00AE4A67;
			remoteInfo = Backbone;
		};
/* End PBXContainerItemProxy section */

/* Begin PBXFileReference section */
		0894D42CB79F9FD51AECC0EC /* Pods_Backbone_BackboneTests.framework */ = {isa = PBXFileReference; explicitFileType = wrapper.framework; includeInIndex = 0; path = Pods_Backbone_BackboneTests.framework; sourceTree = BUILT_PRODUCTS_DIR; };
		12CF942A173338E00C7177E9 /* Pods-BackboneUITests.debug.xcconfig */ = {isa = PBXFileReference; includeInIndex = 1; lastKnownFileType = text.xcconfig; name = "Pods-BackboneUITests.debug.xcconfig"; path = "Pods/Target Support Files/Pods-BackboneUITests/Pods-BackboneUITests.debug.xcconfig"; sourceTree = "<group>"; };
		1548F936D70B33E4493DE982 /* Pods_BackboneUITests.framework */ = {isa = PBXFileReference; explicitFileType = wrapper.framework; includeInIndex = 0; path = Pods_BackboneUITests.framework; sourceTree = BUILT_PRODUCTS_DIR; };
		192FA522433009EDE5E61E73 /* Pods-BackboneUITests.alpha.xcconfig */ = {isa = PBXFileReference; includeInIndex = 1; lastKnownFileType = text.xcconfig; name = "Pods-BackboneUITests.alpha.xcconfig"; path = "Pods/Target Support Files/Pods-BackboneUITests/Pods-BackboneUITests.alpha.xcconfig"; sourceTree = "<group>"; };
		1CC8A19D5E8FED459B9E381E /* Pods-Backbone-BackboneUI.alpha.xcconfig */ = {isa = PBXFileReference; includeInIndex = 1; lastKnownFileType = text.xcconfig; name = "Pods-Backbone-BackboneUI.alpha.xcconfig"; path = "Pods/Target Support Files/Pods-Backbone-BackboneUI/Pods-Backbone-BackboneUI.alpha.xcconfig"; sourceTree = "<group>"; };
		2066F2F894C3C9E9316A4803 /* Pods-Backbone.alpha.xcconfig */ = {isa = PBXFileReference; includeInIndex = 1; lastKnownFileType = text.xcconfig; name = "Pods-Backbone.alpha.xcconfig"; path = "Pods/Target Support Files/Pods-Backbone/Pods-Backbone.alpha.xcconfig"; sourceTree = "<group>"; };
		26B051994B2F083281F6C9CB /* Pods.framework */ = {isa = PBXFileReference; explicitFileType = wrapper.framework; includeInIndex = 0; path = Pods.framework; sourceTree = BUILT_PRODUCTS_DIR; };
		4684BAA2410A5AE097E74BC6 /* Pods_Backbone.framework */ = {isa = PBXFileReference; explicitFileType = wrapper.framework; includeInIndex = 0; path = Pods_Backbone.framework; sourceTree = BUILT_PRODUCTS_DIR; };
		4E4EEEF058B0D1914798A38A /* Pods-Backbone.debug.xcconfig */ = {isa = PBXFileReference; includeInIndex = 1; lastKnownFileType = text.xcconfig; name = "Pods-Backbone.debug.xcconfig"; path = "Pods/Target Support Files/Pods-Backbone/Pods-Backbone.debug.xcconfig"; sourceTree = "<group>"; };
		5436BF875535A8027456FAED /* Pods-Backbone-BackboneTests.alpha.xcconfig */ = {isa = PBXFileReference; includeInIndex = 1; lastKnownFileType = text.xcconfig; name = "Pods-Backbone-BackboneTests.alpha.xcconfig"; path = "Pods/Target Support Files/Pods-Backbone-BackboneTests/Pods-Backbone-BackboneTests.alpha.xcconfig"; sourceTree = "<group>"; };
		58C9EA8260811255F59A11A0 /* Pods_Backbone_BackboneUI.framework */ = {isa = PBXFileReference; explicitFileType = wrapper.framework; includeInIndex = 0; path = Pods_Backbone_BackboneUI.framework; sourceTree = BUILT_PRODUCTS_DIR; };
		705F5FB26E209EDEC7F759A0 /* Pods-Backbone.release.xcconfig */ = {isa = PBXFileReference; includeInIndex = 1; lastKnownFileType = text.xcconfig; name = "Pods-Backbone.release.xcconfig"; path = "Pods/Target Support Files/Pods-Backbone/Pods-Backbone.release.xcconfig"; sourceTree = "<group>"; };
		743EF96FE486910F05817EA4 /* Pods-Backbone-BackboneTests.debug.xcconfig */ = {isa = PBXFileReference; includeInIndex = 1; lastKnownFileType = text.xcconfig; name = "Pods-Backbone-BackboneTests.debug.xcconfig"; path = "Pods/Target Support Files/Pods-Backbone-BackboneTests/Pods-Backbone-BackboneTests.debug.xcconfig"; sourceTree = "<group>"; };
		7E09639C1CABD8B900731846 /* UIColor+NotificationCenterColors.swift */ = {isa = PBXFileReference; fileEncoding = 4; lastKnownFileType = sourcecode.swift; name = "UIColor+NotificationCenterColors.swift"; path = "Extensions/UI/UIColor+NotificationCenterColors.swift"; sourceTree = "<group>"; };
		7E09639E1CABD93000731846 /* ConfigReader+AppConfig.swift */ = {isa = PBXFileReference; fileEncoding = 4; lastKnownFileType = sourcecode.swift; name = "ConfigReader+AppConfig.swift"; path = "Config/ConfigReader+AppConfig.swift"; sourceTree = "<group>"; };
		7E4726E11C9AC12C00AE4A67 /* Backbone.app */ = {isa = PBXFileReference; explicitFileType = wrapper.application; includeInIndex = 0; path = Backbone.app; sourceTree = BUILT_PRODUCTS_DIR; };
		7E4726E41C9AC12C00AE4A67 /* AppDelegate.swift */ = {isa = PBXFileReference; lastKnownFileType = sourcecode.swift; path = AppDelegate.swift; sourceTree = "<group>"; };
		7E4726E61C9AC12C00AE4A67 /* ViewController.swift */ = {isa = PBXFileReference; lastKnownFileType = sourcecode.swift; path = ViewController.swift; sourceTree = "<group>"; };
		7E4726E91C9AC12C00AE4A67 /* Base */ = {isa = PBXFileReference; lastKnownFileType = file.storyboard; name = Base; path = Base.lproj/Main.storyboard; sourceTree = "<group>"; };
		7E4726EB1C9AC12C00AE4A67 /* Assets.xcassets */ = {isa = PBXFileReference; lastKnownFileType = folder.assetcatalog; path = Assets.xcassets; sourceTree = "<group>"; };
		7E4726EE1C9AC12C00AE4A67 /* Base */ = {isa = PBXFileReference; lastKnownFileType = file.storyboard; name = Base; path = Base.lproj/LaunchScreen.storyboard; sourceTree = "<group>"; };
		7E4726F01C9AC12C00AE4A67 /* Info.plist */ = {isa = PBXFileReference; lastKnownFileType = text.plist.xml; path = Info.plist; sourceTree = "<group>"; };
		7E4726F51C9AC12C00AE4A67 /* BackboneTests.xctest */ = {isa = PBXFileReference; explicitFileType = wrapper.cfbundle; includeInIndex = 0; path = BackboneTests.xctest; sourceTree = BUILT_PRODUCTS_DIR; };
		7E4726F91C9AC12C00AE4A67 /* BackboneTests.swift */ = {isa = PBXFileReference; lastKnownFileType = sourcecode.swift; path = BackboneTests.swift; sourceTree = "<group>"; };
		7E4726FB1C9AC12C00AE4A67 /* Info.plist */ = {isa = PBXFileReference; lastKnownFileType = text.plist.xml; path = Info.plist; sourceTree = "<group>"; };
		7E4727441C9ACD3800AE4A67 /* BackboneUI.app */ = {isa = PBXFileReference; explicitFileType = wrapper.application; includeInIndex = 0; path = BackboneUI.app; sourceTree = BUILT_PRODUCTS_DIR; };
		7E4727581C9ACE2A00AE4A67 /* BackboneUITests.xctest */ = {isa = PBXFileReference; explicitFileType = wrapper.cfbundle; includeInIndex = 0; path = BackboneUITests.xctest; sourceTree = BUILT_PRODUCTS_DIR; };
		7E47275A1C9ACE2A00AE4A67 /* BackboneUITests.swift */ = {isa = PBXFileReference; lastKnownFileType = sourcecode.swift; path = BackboneUITests.swift; sourceTree = "<group>"; };
		7E47275C1C9ACE2A00AE4A67 /* Info.plist */ = {isa = PBXFileReference; lastKnownFileType = text.plist.xml; path = Info.plist; sourceTree = "<group>"; };
		7E4727641C9AFCDE00AE4A67 /* AppConfig.plist */ = {isa = PBXFileReference; fileEncoding = 4; lastKnownFileType = text.plist.xml; name = AppConfig.plist; path = Config/AppConfig.plist; sourceTree = "<group>"; };
		7E4727661C9AFCDE00AE4A67 /* AppConfig~debug.plist */ = {isa = PBXFileReference; fileEncoding = 4; lastKnownFileType = text.plist.xml; name = "AppConfig~debug.plist"; path = "Config/AppConfig~debug.plist"; sourceTree = "<group>"; };
		7E47276A1C9AFCE700AE4A67 /* AppConfig~debug~uitests.plist */ = {isa = PBXFileReference; fileEncoding = 4; lastKnownFileType = text.plist.xml; name = "AppConfig~debug~uitests.plist"; path = "Config/UI Tests/AppConfig~debug~uitests.plist"; sourceTree = "<group>"; };
		7E4727751C9B052600AE4A67 /* EnvironmentSettings.swift */ = {isa = PBXFileReference; fileEncoding = 4; lastKnownFileType = sourcecode.swift; name = EnvironmentSettings.swift; path = Helpers/EnvironmentSettings.swift; sourceTree = "<group>"; };
		7E47277A1C9BF77B00AE4A67 /* FabricInitializer.swift */ = {isa = PBXFileReference; fileEncoding = 4; lastKnownFileType = sourcecode.swift; name = FabricInitializer.swift; path = Initializers/FabricInitializer.swift; sourceTree = "<group>"; };
		7E4727831C9C28F800AE4A67 /* DatabaseInitializer.swift */ = {isa = PBXFileReference; fileEncoding = 4; lastKnownFileType = sourcecode.swift; name = DatabaseInitializer.swift; path = Initializers/DatabaseInitializer.swift; sourceTree = "<group>"; };
		7E4727871C9C2B1200AE4A67 /* DBAccess.swift */ = {isa = PBXFileReference; fileEncoding = 4; lastKnownFileType = sourcecode.swift; name = DBAccess.swift; path = DB/DBAccess.swift; sourceTree = "<group>"; };
		7E47278A1C9C2B9A00AE4A67 /* RealmFactory.swift */ = {isa = PBXFileReference; fileEncoding = 4; lastKnownFileType = sourcecode.swift; name = RealmFactory.swift; path = DB/RealmFactory.swift; sourceTree = "<group>"; };
		7E47278E1C9C2BDF00AE4A67 /* DBFactoryProtocol.swift */ = {isa = PBXFileReference; fileEncoding = 4; lastKnownFileType = sourcecode.swift; name = DBFactoryProtocol.swift; path = Protocols/DBFactoryProtocol.swift; sourceTree = "<group>"; };
		7EC090CC1CABDB79003CB3DC /* AppConfig~alpha.plist */ = {isa = PBXFileReference; fileEncoding = 4; lastKnownFileType = text.plist.xml; name = "AppConfig~alpha.plist"; path = "Config/AppConfig~alpha.plist"; sourceTree = "<group>"; };
		7EFDBD3D1CA2C3EA008DD4C2 /* AssetDownloadServiceInitializer.swift */ = {isa = PBXFileReference; fileEncoding = 4; lastKnownFileType = sourcecode.swift; name = AssetDownloadServiceInitializer.swift; path = Initializers/AssetDownloadServiceInitializer.swift; sourceTree = "<group>"; };
		7EFDBD401CA2C4BA008DD4C2 /* CocoaLumberjackInitializer.swift */ = {isa = PBXFileReference; fileEncoding = 4; lastKnownFileType = sourcecode.swift; name = CocoaLumberjackInitializer.swift; path = Initializers/CocoaLumberjackInitializer.swift; sourceTree = "<group>"; };
		7EFDBD431CA2D828008DD4C2 /* ASNotificationServiceInitializer.swift */ = {isa = PBXFileReference; fileEncoding = 4; lastKnownFileType = sourcecode.swift; name = ASNotificationServiceInitializer.swift; path = Initializers/ASNotificationServiceInitializer.swift; sourceTree = "<group>"; };
		9328EE5795AEC1426D311A11 /* Pods-Backbone-BackboneUI.release.xcconfig */ = {isa = PBXFileReference; includeInIndex = 1; lastKnownFileType = text.xcconfig; name = "Pods-Backbone-BackboneUI.release.xcconfig"; path = "Pods/Target Support Files/Pods-Backbone-BackboneUI/Pods-Backbone-BackboneUI.release.xcconfig"; sourceTree = "<group>"; };
		B6D7969896AF56515966CCA3 /* Pods-Backbone-BackboneUI.debug.xcconfig */ = {isa = PBXFileReference; includeInIndex = 1; lastKnownFileType = text.xcconfig; name = "Pods-Backbone-BackboneUI.debug.xcconfig"; path = "Pods/Target Support Files/Pods-Backbone-BackboneUI/Pods-Backbone-BackboneUI.debug.xcconfig"; sourceTree = "<group>"; };
		CDA1BB9EDFDBA8AA8AC00F87 /* Pods-BackboneUITests.release.xcconfig */ = {isa = PBXFileReference; includeInIndex = 1; lastKnownFileType = text.xcconfig; name = "Pods-BackboneUITests.release.xcconfig"; path = "Pods/Target Support Files/Pods-BackboneUITests/Pods-BackboneUITests.release.xcconfig"; sourceTree = "<group>"; };
		CF35DC62173E5AB8A3F6D955 /* Pods-Backbone-BackboneTests.release.xcconfig */ = {isa = PBXFileReference; includeInIndex = 1; lastKnownFileType = text.xcconfig; name = "Pods-Backbone-BackboneTests.release.xcconfig"; path = "Pods/Target Support Files/Pods-Backbone-BackboneTests/Pods-Backbone-BackboneTests.release.xcconfig"; sourceTree = "<group>"; };
/* End PBXFileReference section */

/* Begin PBXFrameworksBuildPhase section */
		7E4726DE1C9AC12C00AE4A67 /* Frameworks */ = {
			isa = PBXFrameworksBuildPhase;
			buildActionMask = 2147483647;
			files = (
				DECAE20D828799B66FC43A22 /* Pods_Backbone.framework in Frameworks */,
			);
			runOnlyForDeploymentPostprocessing = 0;
		};
		7E4726F21C9AC12C00AE4A67 /* Frameworks */ = {
			isa = PBXFrameworksBuildPhase;
			buildActionMask = 2147483647;
			files = (
				2F281FC483422DD4FFD6F469 /* Pods_Backbone_BackboneTests.framework in Frameworks */,
			);
			runOnlyForDeploymentPostprocessing = 0;
		};
		7E47273C1C9ACD3800AE4A67 /* Frameworks */ = {
			isa = PBXFrameworksBuildPhase;
			buildActionMask = 2147483647;
			files = (
				8B6CC47B48C138F78AC2BF8F /* Pods_Backbone_BackboneUI.framework in Frameworks */,
			);
			runOnlyForDeploymentPostprocessing = 0;
		};
		7E4727551C9ACE2A00AE4A67 /* Frameworks */ = {
			isa = PBXFrameworksBuildPhase;
			buildActionMask = 2147483647;
			files = (
				61E97006A536747E57AEAFB3 /* Pods_BackboneUITests.framework in Frameworks */,
			);
			runOnlyForDeploymentPostprocessing = 0;
		};
/* End PBXFrameworksBuildPhase section */

/* Begin PBXGroup section */
		30B3BCF6FC119EB87BB6E4AD /* Pods */ = {
			isa = PBXGroup;
			children = (
				4E4EEEF058B0D1914798A38A /* Pods-Backbone.debug.xcconfig */,
				2066F2F894C3C9E9316A4803 /* Pods-Backbone.alpha.xcconfig */,
				705F5FB26E209EDEC7F759A0 /* Pods-Backbone.release.xcconfig */,
				743EF96FE486910F05817EA4 /* Pods-Backbone-BackboneTests.debug.xcconfig */,
				5436BF875535A8027456FAED /* Pods-Backbone-BackboneTests.alpha.xcconfig */,
				CF35DC62173E5AB8A3F6D955 /* Pods-Backbone-BackboneTests.release.xcconfig */,
				B6D7969896AF56515966CCA3 /* Pods-Backbone-BackboneUI.debug.xcconfig */,
				1CC8A19D5E8FED459B9E381E /* Pods-Backbone-BackboneUI.alpha.xcconfig */,
				9328EE5795AEC1426D311A11 /* Pods-Backbone-BackboneUI.release.xcconfig */,
				12CF942A173338E00C7177E9 /* Pods-BackboneUITests.debug.xcconfig */,
				192FA522433009EDE5E61E73 /* Pods-BackboneUITests.alpha.xcconfig */,
				CDA1BB9EDFDBA8AA8AC00F87 /* Pods-BackboneUITests.release.xcconfig */,
			);
			name = Pods;
			sourceTree = "<group>";
		};
		7E09639B1CABD8AB00731846 /* UI */ = {
			isa = PBXGroup;
			children = (
				7E09639C1CABD8B900731846 /* UIColor+NotificationCenterColors.swift */,
			);
			name = UI;
			sourceTree = "<group>";
		};
		7E4726D81C9AC12C00AE4A67 = {
			isa = PBXGroup;
			children = (
				7E4726E31C9AC12C00AE4A67 /* Backbone */,
				7E4726F81C9AC12C00AE4A67 /* BackboneTests */,
				7E4727591C9ACE2A00AE4A67 /* BackboneUITests */,
				7E4726E21C9AC12C00AE4A67 /* Products */,
				8B4C86B7D51B9C54CDC88398 /* Frameworks */,
				30B3BCF6FC119EB87BB6E4AD /* Pods */,
			);
			sourceTree = "<group>";
		};
		7E4726E21C9AC12C00AE4A67 /* Products */ = {
			isa = PBXGroup;
			children = (
				7E4726E11C9AC12C00AE4A67 /* Backbone.app */,
				7E4726F51C9AC12C00AE4A67 /* BackboneTests.xctest */,
				7E4727441C9ACD3800AE4A67 /* BackboneUI.app */,
				7E4727581C9ACE2A00AE4A67 /* BackboneUITests.xctest */,
			);
			name = Products;
			sourceTree = "<group>";
		};
		7E4726E31C9AC12C00AE4A67 /* Backbone */ = {
			isa = PBXGroup;
			children = (
				7E7EA3C01CAA9441009501BC /* Extensions */,
				7E47278D1C9C2BCA00AE4A67 /* Protocols */,
				7E4727861C9C295600AE4A67 /* DB */,
				7E4727791C9BF75200AE4A67 /* Initializers */,
				7E4727741C9B050100AE4A67 /* Helpers */,
				7E4727621C9AFC5700AE4A67 /* Config */,
				7E4726E41C9AC12C00AE4A67 /* AppDelegate.swift */,
				7E4726E61C9AC12C00AE4A67 /* ViewController.swift */,
				7E4726E81C9AC12C00AE4A67 /* Main.storyboard */,
				7E4726EB1C9AC12C00AE4A67 /* Assets.xcassets */,
				7E4726ED1C9AC12C00AE4A67 /* LaunchScreen.storyboard */,
				7E4726F01C9AC12C00AE4A67 /* Info.plist */,
			);
			path = Backbone;
			sourceTree = "<group>";
		};
		7E4726F81C9AC12C00AE4A67 /* BackboneTests */ = {
			isa = PBXGroup;
			children = (
				7E4726F91C9AC12C00AE4A67 /* BackboneTests.swift */,
				7E4726FB1C9AC12C00AE4A67 /* Info.plist */,
			);
			path = BackboneTests;
			sourceTree = "<group>";
		};
		7E4727591C9ACE2A00AE4A67 /* BackboneUITests */ = {
			isa = PBXGroup;
			children = (
				7E47275A1C9ACE2A00AE4A67 /* BackboneUITests.swift */,
				7E47275C1C9ACE2A00AE4A67 /* Info.plist */,
			);
			path = BackboneUITests;
			sourceTree = "<group>";
		};
		7E4727621C9AFC5700AE4A67 /* Config */ = {
			isa = PBXGroup;
			children = (
				7E09639E1CABD93000731846 /* ConfigReader+AppConfig.swift */,
				7E4727641C9AFCDE00AE4A67 /* AppConfig.plist */,
				7EC090CC1CABDB79003CB3DC /* AppConfig~alpha.plist */,
				7E4727661C9AFCDE00AE4A67 /* AppConfig~debug.plist */,
				7E4727631C9AFC6900AE4A67 /* UI Tests */,
			);
			name = Config;
			sourceTree = "<group>";
		};
		7E4727631C9AFC6900AE4A67 /* UI Tests */ = {
			isa = PBXGroup;
			children = (
				7E47276A1C9AFCE700AE4A67 /* AppConfig~debug~uitests.plist */,
			);
			name = "UI Tests";
			sourceTree = "<group>";
		};
		7E4727741C9B050100AE4A67 /* Helpers */ = {
			isa = PBXGroup;
			children = (
				7E4727751C9B052600AE4A67 /* EnvironmentSettings.swift */,
			);
			name = Helpers;
			sourceTree = "<group>";
		};
		7E4727791C9BF75200AE4A67 /* Initializers */ = {
			isa = PBXGroup;
			children = (
				7EFDBD431CA2D828008DD4C2 /* ASNotificationServiceInitializer.swift */,
				7EFDBD401CA2C4BA008DD4C2 /* CocoaLumberjackInitializer.swift */,
				7EFDBD3D1CA2C3EA008DD4C2 /* AssetDownloadServiceInitializer.swift */,
				7E4727831C9C28F800AE4A67 /* DatabaseInitializer.swift */,
				7E47277A1C9BF77B00AE4A67 /* FabricInitializer.swift */,
			);
			name = Initializers;
			sourceTree = "<group>";
		};
		7E4727861C9C295600AE4A67 /* DB */ = {
			isa = PBXGroup;
			children = (
				7E47278A1C9C2B9A00AE4A67 /* RealmFactory.swift */,
				7E4727871C9C2B1200AE4A67 /* DBAccess.swift */,
			);
			name = DB;
			sourceTree = "<group>";
		};
		7E47278D1C9C2BCA00AE4A67 /* Protocols */ = {
			isa = PBXGroup;
			children = (
				7E47278E1C9C2BDF00AE4A67 /* DBFactoryProtocol.swift */,
			);
			name = Protocols;
			sourceTree = "<group>";
		};
		7E7EA3C01CAA9441009501BC /* Extensions */ = {
			isa = PBXGroup;
			children = (
				7E09639B1CABD8AB00731846 /* UI */,
			);
			name = Extensions;
			sourceTree = "<group>";
		};
		8B4C86B7D51B9C54CDC88398 /* Frameworks */ = {
			isa = PBXGroup;
			children = (
				26B051994B2F083281F6C9CB /* Pods.framework */,
				4684BAA2410A5AE097E74BC6 /* Pods_Backbone.framework */,
				0894D42CB79F9FD51AECC0EC /* Pods_Backbone_BackboneTests.framework */,
				58C9EA8260811255F59A11A0 /* Pods_Backbone_BackboneUI.framework */,
				1548F936D70B33E4493DE982 /* Pods_BackboneUITests.framework */,
			);
			name = Frameworks;
			sourceTree = "<group>";
		};
/* End PBXGroup section */

/* Begin PBXNativeTarget section */
		7E4726E01C9AC12C00AE4A67 /* Backbone */ = {
			isa = PBXNativeTarget;
			buildConfigurationList = 7E4727091C9AC12C00AE4A67 /* Build configuration list for PBXNativeTarget "Backbone" */;
			buildPhases = (
				B3EA337FF4EF6100F02634EE /* 📦 Check Pods Manifest.lock */,
				7E4726DD1C9AC12C00AE4A67 /* Sources */,
				7E4726DE1C9AC12C00AE4A67 /* Frameworks */,
				7E4726DF1C9AC12C00AE4A67 /* Resources */,
				7E47277C1C9BFCD600AE4A67 /* Fabric */,
				7EFDBD461CA2DE65008DD4C2 /* SwiftLint */,
				85D37345E38F9C4871395B51 /* 📦 Embed Pods Frameworks */,
				5EDB405C89C8FC4A624EB981 /* 📦 Copy Pods Resources */,
			);
			buildRules = (
			);
			dependencies = (
			);
			name = Backbone;
			productName = Backbone;
			productReference = 7E4726E11C9AC12C00AE4A67 /* Backbone.app */;
			productType = "com.apple.product-type.application";
		};
		7E4726F41C9AC12C00AE4A67 /* BackboneTests */ = {
			isa = PBXNativeTarget;
			buildConfigurationList = 7E47270C1C9AC12C00AE4A67 /* Build configuration list for PBXNativeTarget "BackboneTests" */;
			buildPhases = (
				7EA7A4D0CA6CE7FA45D0677C /* 📦 Check Pods Manifest.lock */,
				7E4726F11C9AC12C00AE4A67 /* Sources */,
				7E4726F21C9AC12C00AE4A67 /* Frameworks */,
				7E4726F31C9AC12C00AE4A67 /* Resources */,
				42E71A6BE9DE0F35B63A8056 /* 📦 Embed Pods Frameworks */,
				BFDF81140EFB64A52A9D1B86 /* 📦 Copy Pods Resources */,
			);
			buildRules = (
			);
			dependencies = (
				7E4726F71C9AC12C00AE4A67 /* PBXTargetDependency */,
			);
			name = BackboneTests;
			productName = BackboneTests;
			productReference = 7E4726F51C9AC12C00AE4A67 /* BackboneTests.xctest */;
			productType = "com.apple.product-type.bundle.unit-test";
		};
		7E4727381C9ACD3800AE4A67 /* BackboneUI */ = {
			isa = PBXNativeTarget;
			buildConfigurationList = 7E4727411C9ACD3800AE4A67 /* Build configuration list for PBXNativeTarget "BackboneUI" */;
			buildPhases = (
				263177AA7DD9C4508C445946 /* 📦 Check Pods Manifest.lock */,
				7E4727391C9ACD3800AE4A67 /* Sources */,
				7E47273C1C9ACD3800AE4A67 /* Frameworks */,
				7E47273D1C9ACD3800AE4A67 /* Resources */,
				046A273BE9A3D3BFCD489DF7 /* 📦 Embed Pods Frameworks */,
				3FF63120F4E1794023CF0BD7 /* 📦 Copy Pods Resources */,
			);
			buildRules = (
			);
			dependencies = (
			);
			name = BackboneUI;
			productName = Backbone;
			productReference = 7E4727441C9ACD3800AE4A67 /* BackboneUI.app */;
			productType = "com.apple.product-type.application";
		};
		7E4727571C9ACE2A00AE4A67 /* BackboneUITests */ = {
			isa = PBXNativeTarget;
			buildConfigurationList = 7E47275F1C9ACE2A00AE4A67 /* Build configuration list for PBXNativeTarget "BackboneUITests" */;
			buildPhases = (
				C0AACC98C16BD7C1C02A8F6F /* 📦 Check Pods Manifest.lock */,
				7E4727541C9ACE2A00AE4A67 /* Sources */,
				7E4727551C9ACE2A00AE4A67 /* Frameworks */,
				7E4727561C9ACE2A00AE4A67 /* Resources */,
				B7B4A6437EBB58404196574B /* 📦 Copy Pods Resources */,
			);
			buildRules = (
			);
			dependencies = (
				7E47275E1C9ACE2A00AE4A67 /* PBXTargetDependency */,
			);
			name = BackboneUITests;
			productName = BackboneUITests;
			productReference = 7E4727581C9ACE2A00AE4A67 /* BackboneUITests.xctest */;
			productType = "com.apple.product-type.bundle.ui-testing";
		};
/* End PBXNativeTarget section */

/* Begin PBXProject section */
		7E4726D91C9AC12C00AE4A67 /* Project object */ = {
			isa = PBXProject;
			attributes = {
				LastSwiftUpdateCheck = 0720;
				LastUpgradeCheck = 0720;
				ORGANIZATIONNAME = DreamLab;
				TargetAttributes = {
					7E4726E01C9AC12C00AE4A67 = {
						CreatedOnToolsVersion = 7.2;
					};
					7E4726F41C9AC12C00AE4A67 = {
						CreatedOnToolsVersion = 7.2;
						TestTargetID = 7E4726E01C9AC12C00AE4A67;
					};
					7E4727571C9ACE2A00AE4A67 = {
						CreatedOnToolsVersion = 7.2;
						TestTargetID = 7E4726E01C9AC12C00AE4A67;
					};
				};
			};
			buildConfigurationList = 7E4726DC1C9AC12C00AE4A67 /* Build configuration list for PBXProject "Backbone" */;
			compatibilityVersion = "Xcode 3.2";
			developmentRegion = English;
			hasScannedForEncodings = 0;
			knownRegions = (
				en,
				Base,
			);
			mainGroup = 7E4726D81C9AC12C00AE4A67;
			productRefGroup = 7E4726E21C9AC12C00AE4A67 /* Products */;
			projectDirPath = "";
			projectRoot = "";
			targets = (
				7E4726E01C9AC12C00AE4A67 /* Backbone */,
				7E4726F41C9AC12C00AE4A67 /* BackboneTests */,
				7E4727381C9ACD3800AE4A67 /* BackboneUI */,
				7E4727571C9ACE2A00AE4A67 /* BackboneUITests */,
			);
		};
/* End PBXProject section */

/* Begin PBXResourcesBuildPhase section */
		7E4726DF1C9AC12C00AE4A67 /* Resources */ = {
			isa = PBXResourcesBuildPhase;
			buildActionMask = 2147483647;
			files = (
				7EC090CD1CABDB79003CB3DC /* AppConfig~alpha.plist in Resources */,
				7E47276B1C9AFCE700AE4A67 /* AppConfig~debug~uitests.plist in Resources */,
				7E4727671C9AFCDE00AE4A67 /* AppConfig.plist in Resources */,
				7E4726EF1C9AC12C00AE4A67 /* LaunchScreen.storyboard in Resources */,
				7E4726EC1C9AC12C00AE4A67 /* Assets.xcassets in Resources */,
				7E4726EA1C9AC12C00AE4A67 /* Main.storyboard in Resources */,
				7E4727691C9AFCDE00AE4A67 /* AppConfig~debug.plist in Resources */,
			);
			runOnlyForDeploymentPostprocessing = 0;
		};
		7E4726F31C9AC12C00AE4A67 /* Resources */ = {
			isa = PBXResourcesBuildPhase;
			buildActionMask = 2147483647;
			files = (
			);
			runOnlyForDeploymentPostprocessing = 0;
		};
		7E47273D1C9ACD3800AE4A67 /* Resources */ = {
			isa = PBXResourcesBuildPhase;
			buildActionMask = 2147483647;
			files = (
				7E4727721C9B007B00AE4A67 /* AppConfig~debug.plist in Resources */,
				7E4727701C9B006D00AE4A67 /* AppConfig.plist in Resources */,
				7E47273E1C9ACD3800AE4A67 /* LaunchScreen.storyboard in Resources */,
				7E47273F1C9ACD3800AE4A67 /* Assets.xcassets in Resources */,
				7E4727401C9ACD3800AE4A67 /* Main.storyboard in Resources */,
			);
			runOnlyForDeploymentPostprocessing = 0;
		};
		7E4727561C9ACE2A00AE4A67 /* Resources */ = {
			isa = PBXResourcesBuildPhase;
			buildActionMask = 2147483647;
			files = (
			);
			runOnlyForDeploymentPostprocessing = 0;
		};
/* End PBXResourcesBuildPhase section */

/* Begin PBXShellScriptBuildPhase section */
		046A273BE9A3D3BFCD489DF7 /* 📦 Embed Pods Frameworks */ = {
			isa = PBXShellScriptBuildPhase;
			buildActionMask = 2147483647;
			files = (
			);
			inputPaths = (
			);
			name = "📦 Embed Pods Frameworks";
			outputPaths = (
			);
			runOnlyForDeploymentPostprocessing = 0;
			shellPath = /bin/sh;
			shellScript = "\"${SRCROOT}/Pods/Target Support Files/Pods-Backbone-BackboneUI/Pods-Backbone-BackboneUI-frameworks.sh\"\n";
			showEnvVarsInLog = 0;
		};
		263177AA7DD9C4508C445946 /* 📦 Check Pods Manifest.lock */ = {
			isa = PBXShellScriptBuildPhase;
			buildActionMask = 2147483647;
			files = (
			);
			inputPaths = (
			);
			name = "📦 Check Pods Manifest.lock";
			outputPaths = (
			);
			runOnlyForDeploymentPostprocessing = 0;
			shellPath = /bin/sh;
			shellScript = "diff \"${PODS_ROOT}/../Podfile.lock\" \"${PODS_ROOT}/Manifest.lock\" > /dev/null\nif [[ $? != 0 ]] ; then\n    cat << EOM\nerror: The sandbox is not in sync with the Podfile.lock. Run 'pod install' or update your CocoaPods installation.\nEOM\n    exit 1\nfi\n";
			showEnvVarsInLog = 0;
		};
		3FF63120F4E1794023CF0BD7 /* 📦 Copy Pods Resources */ = {
			isa = PBXShellScriptBuildPhase;
			buildActionMask = 2147483647;
			files = (
			);
			inputPaths = (
			);
			name = "📦 Copy Pods Resources";
			outputPaths = (
			);
			runOnlyForDeploymentPostprocessing = 0;
			shellPath = /bin/sh;
			shellScript = "\"${SRCROOT}/Pods/Target Support Files/Pods-Backbone-BackboneUI/Pods-Backbone-BackboneUI-resources.sh\"\n";
			showEnvVarsInLog = 0;
		};
		42E71A6BE9DE0F35B63A8056 /* 📦 Embed Pods Frameworks */ = {
			isa = PBXShellScriptBuildPhase;
			buildActionMask = 2147483647;
			files = (
			);
			inputPaths = (
			);
			name = "📦 Embed Pods Frameworks";
			outputPaths = (
			);
			runOnlyForDeploymentPostprocessing = 0;
			shellPath = /bin/sh;
			shellScript = "\"${SRCROOT}/Pods/Target Support Files/Pods-Backbone-BackboneTests/Pods-Backbone-BackboneTests-frameworks.sh\"\n";
			showEnvVarsInLog = 0;
		};
		5EDB405C89C8FC4A624EB981 /* 📦 Copy Pods Resources */ = {
			isa = PBXShellScriptBuildPhase;
			buildActionMask = 2147483647;
			files = (
			);
			inputPaths = (
			);
			name = "📦 Copy Pods Resources";
			outputPaths = (
			);
			runOnlyForDeploymentPostprocessing = 0;
			shellPath = /bin/sh;
			shellScript = "\"${SRCROOT}/Pods/Target Support Files/Pods-Backbone/Pods-Backbone-resources.sh\"\n";
			showEnvVarsInLog = 0;
		};
		7E47277C1C9BFCD600AE4A67 /* Fabric */ = {
			isa = PBXShellScriptBuildPhase;
			buildActionMask = 2147483647;
			files = (
			);
			inputPaths = (
			);
			name = Fabric;
			outputPaths = (
			);
			runOnlyForDeploymentPostprocessing = 0;
			shellPath = /bin/sh;
			shellScript = "\"${PODS_ROOT}/Fabric/run\" b7868f1a601bac93a7353bd5ec2dae71e4b540e5 aa3a94a2e2c9066a232955f7b9a401765e63bdc75a0989f5b8b1709fbee9b580";
		};
		7EA7A4D0CA6CE7FA45D0677C /* 📦 Check Pods Manifest.lock */ = {
			isa = PBXShellScriptBuildPhase;
			buildActionMask = 2147483647;
			files = (
			);
			inputPaths = (
			);
			name = "📦 Check Pods Manifest.lock";
			outputPaths = (
			);
			runOnlyForDeploymentPostprocessing = 0;
			shellPath = /bin/sh;
			shellScript = "diff \"${PODS_ROOT}/../Podfile.lock\" \"${PODS_ROOT}/Manifest.lock\" > /dev/null\nif [[ $? != 0 ]] ; then\n    cat << EOM\nerror: The sandbox is not in sync with the Podfile.lock. Run 'pod install' or update your CocoaPods installation.\nEOM\n    exit 1\nfi\n";
			showEnvVarsInLog = 0;
		};
		7EFDBD461CA2DE65008DD4C2 /* SwiftLint */ = {
			isa = PBXShellScriptBuildPhase;
			buildActionMask = 2147483647;
			files = (
			);
			inputPaths = (
			);
			name = SwiftLint;
			outputPaths = (
			);
			runOnlyForDeploymentPostprocessing = 0;
			shellPath = /bin/sh;
			shellScript = "if which swiftlint >/dev/null; then\n    swiftlint\nelse\n    echo \"warning: SwiftLint not installed, download from https://github.com/realm/SwiftLint\"\nfi";
		};
		85D37345E38F9C4871395B51 /* 📦 Embed Pods Frameworks */ = {
			isa = PBXShellScriptBuildPhase;
			buildActionMask = 2147483647;
			files = (
			);
			inputPaths = (
			);
			name = "📦 Embed Pods Frameworks";
			outputPaths = (
			);
			runOnlyForDeploymentPostprocessing = 0;
			shellPath = /bin/sh;
			shellScript = "\"${SRCROOT}/Pods/Target Support Files/Pods-Backbone/Pods-Backbone-frameworks.sh\"\n";
			showEnvVarsInLog = 0;
		};
		B3EA337FF4EF6100F02634EE /* 📦 Check Pods Manifest.lock */ = {
			isa = PBXShellScriptBuildPhase;
			buildActionMask = 2147483647;
			files = (
			);
			inputPaths = (
			);
			name = "📦 Check Pods Manifest.lock";
			outputPaths = (
			);
			runOnlyForDeploymentPostprocessing = 0;
			shellPath = /bin/sh;
			shellScript = "diff \"${PODS_ROOT}/../Podfile.lock\" \"${PODS_ROOT}/Manifest.lock\" > /dev/null\nif [[ $? != 0 ]] ; then\n    cat << EOM\nerror: The sandbox is not in sync with the Podfile.lock. Run 'pod install' or update your CocoaPods installation.\nEOM\n    exit 1\nfi\n";
			showEnvVarsInLog = 0;
		};
		B7B4A6437EBB58404196574B /* 📦 Copy Pods Resources */ = {
			isa = PBXShellScriptBuildPhase;
			buildActionMask = 2147483647;
			files = (
			);
			inputPaths = (
			);
			name = "📦 Copy Pods Resources";
			outputPaths = (
			);
			runOnlyForDeploymentPostprocessing = 0;
			shellPath = /bin/sh;
			shellScript = "\"${SRCROOT}/Pods/Target Support Files/Pods-BackboneUITests/Pods-BackboneUITests-resources.sh\"\n";
			showEnvVarsInLog = 0;
		};
		BFDF81140EFB64A52A9D1B86 /* 📦 Copy Pods Resources */ = {
			isa = PBXShellScriptBuildPhase;
			buildActionMask = 2147483647;
			files = (
			);
			inputPaths = (
			);
			name = "📦 Copy Pods Resources";
			outputPaths = (
			);
			runOnlyForDeploymentPostprocessing = 0;
			shellPath = /bin/sh;
			shellScript = "\"${SRCROOT}/Pods/Target Support Files/Pods-Backbone-BackboneTests/Pods-Backbone-BackboneTests-resources.sh\"\n";
			showEnvVarsInLog = 0;
		};
		C0AACC98C16BD7C1C02A8F6F /* 📦 Check Pods Manifest.lock */ = {
			isa = PBXShellScriptBuildPhase;
			buildActionMask = 2147483647;
			files = (
			);
			inputPaths = (
			);
			name = "📦 Check Pods Manifest.lock";
			outputPaths = (
			);
			runOnlyForDeploymentPostprocessing = 0;
			shellPath = /bin/sh;
			shellScript = "diff \"${PODS_ROOT}/../Podfile.lock\" \"${PODS_ROOT}/Manifest.lock\" > /dev/null\nif [[ $? != 0 ]] ; then\n    cat << EOM\nerror: The sandbox is not in sync with the Podfile.lock. Run 'pod install' or update your CocoaPods installation.\nEOM\n    exit 1\nfi\n";
			showEnvVarsInLog = 0;
		};
/* End PBXShellScriptBuildPhase section */

/* Begin PBXSourcesBuildPhase section */
		7E4726DD1C9AC12C00AE4A67 /* Sources */ = {
			isa = PBXSourcesBuildPhase;
			buildActionMask = 2147483647;
			files = (
				7E09639F1CABD93000731846 /* ConfigReader+AppConfig.swift in Sources */,
				7E4726E71C9AC12C00AE4A67 /* ViewController.swift in Sources */,
				7E47278F1C9C2BDF00AE4A67 /* DBFactoryProtocol.swift in Sources */,
				7E4726E51C9AC12C00AE4A67 /* AppDelegate.swift in Sources */,
				7E47277B1C9BF77B00AE4A67 /* FabricInitializer.swift in Sources */,
				7EFDBD411CA2C4BA008DD4C2 /* CocoaLumberjackInitializer.swift in Sources */,
				7E4727841C9C28F800AE4A67 /* DatabaseInitializer.swift in Sources */,
				7E4727761C9B052600AE4A67 /* EnvironmentSettings.swift in Sources */,
				7E4727881C9C2B1200AE4A67 /* DBAccess.swift in Sources */,
				7EFDBD3E1CA2C3EA008DD4C2 /* AssetDownloadServiceInitializer.swift in Sources */,
				7EFDBD441CA2D828008DD4C2 /* ASNotificationServiceInitializer.swift in Sources */,
				7E09639D1CABD8B900731846 /* UIColor+NotificationCenterColors.swift in Sources */,
				7E47278B1C9C2B9A00AE4A67 /* RealmFactory.swift in Sources */,
			);
			runOnlyForDeploymentPostprocessing = 0;
		};
		7E4726F11C9AC12C00AE4A67 /* Sources */ = {
			isa = PBXSourcesBuildPhase;
			buildActionMask = 2147483647;
			files = (
				7E4726FA1C9AC12C00AE4A67 /* BackboneTests.swift in Sources */,
			);
			runOnlyForDeploymentPostprocessing = 0;
		};
		7E4727391C9ACD3800AE4A67 /* Sources */ = {
			isa = PBXSourcesBuildPhase;
			buildActionMask = 2147483647;
			files = (
				7E47273A1C9ACD3800AE4A67 /* ViewController.swift in Sources */,
				7E4727901C9C2BE100AE4A67 /* DBFactoryProtocol.swift in Sources */,
				7E47273B1C9ACD3800AE4A67 /* AppDelegate.swift in Sources */,
				7EFDBD421CA2C4BD008DD4C2 /* CocoaLumberjackInitializer.swift in Sources */,
				7E4727851C9C28FB00AE4A67 /* DatabaseInitializer.swift in Sources */,
				7E4727771C9B05DC00AE4A67 /* EnvironmentSettings.swift in Sources */,
				7E4727891C9C2B1500AE4A67 /* DBAccess.swift in Sources */,
				7EFDBD3F1CA2C3ED008DD4C2 /* AssetDownloadServiceInitializer.swift in Sources */,
				7EFDBD451CA2D91F008DD4C2 /* ASNotificationServiceInitializer.swift in Sources */,
				7E47278C1C9C2B9C00AE4A67 /* RealmFactory.swift in Sources */,
				7E01CD761CAACCAC006780DD /* FabricInitializer.swift in Sources */,
				7E4997DD1CAC0B23002BF8BB /* UIColor+NotificationCenterColors.swift in Sources */,
			);
			runOnlyForDeploymentPostprocessing = 0;
		};
		7E4727541C9ACE2A00AE4A67 /* Sources */ = {
			isa = PBXSourcesBuildPhase;
			buildActionMask = 2147483647;
			files = (
				7E47275B1C9ACE2A00AE4A67 /* BackboneUITests.swift in Sources */,
			);
			runOnlyForDeploymentPostprocessing = 0;
		};
/* End PBXSourcesBuildPhase section */

/* Begin PBXTargetDependency section */
		7E4726F71C9AC12C00AE4A67 /* PBXTargetDependency */ = {
			isa = PBXTargetDependency;
			target = 7E4726E01C9AC12C00AE4A67 /* Backbone */;
			targetProxy = 7E4726F61C9AC12C00AE4A67 /* PBXContainerItemProxy */;
		};
		7E47275E1C9ACE2A00AE4A67 /* PBXTargetDependency */ = {
			isa = PBXTargetDependency;
			target = 7E4726E01C9AC12C00AE4A67 /* Backbone */;
			targetProxy = 7E47275D1C9ACE2A00AE4A67 /* PBXContainerItemProxy */;
		};
/* End PBXTargetDependency section */

/* Begin PBXVariantGroup section */
		7E4726E81C9AC12C00AE4A67 /* Main.storyboard */ = {
			isa = PBXVariantGroup;
			children = (
				7E4726E91C9AC12C00AE4A67 /* Base */,
			);
			name = Main.storyboard;
			sourceTree = "<group>";
		};
		7E4726ED1C9AC12C00AE4A67 /* LaunchScreen.storyboard */ = {
			isa = PBXVariantGroup;
			children = (
				7E4726EE1C9AC12C00AE4A67 /* Base */,
			);
			name = LaunchScreen.storyboard;
			sourceTree = "<group>";
		};
/* End PBXVariantGroup section */

/* Begin XCBuildConfiguration section */
		7E4727071C9AC12C00AE4A67 /* Debug */ = {
			isa = XCBuildConfiguration;
			buildSettings = {
				ALWAYS_SEARCH_USER_PATHS = NO;
				BUNDLE_DISPLAY_NAME_SUFFIX = "Δ";
				BUNDLE_ID_SUFFIX = .dev;
				CLANG_CXX_LANGUAGE_STANDARD = "gnu++0x";
				CLANG_CXX_LIBRARY = "libc++";
				CLANG_ENABLE_MODULES = YES;
				CLANG_ENABLE_OBJC_ARC = YES;
				CLANG_WARN_BOOL_CONVERSION = YES;
				CLANG_WARN_CONSTANT_CONVERSION = YES;
				CLANG_WARN_DIRECT_OBJC_ISA_USAGE = YES_ERROR;
				CLANG_WARN_EMPTY_BODY = YES;
				CLANG_WARN_ENUM_CONVERSION = YES;
				CLANG_WARN_INT_CONVERSION = YES;
				CLANG_WARN_OBJC_ROOT_CLASS = YES_ERROR;
				CLANG_WARN_UNREACHABLE_CODE = YES;
				CLANG_WARN__DUPLICATE_METHOD_MATCH = YES;
				"CODE_SIGN_IDENTITY[sdk=iphoneos*]" = "iPhone Developer";
				COPY_PHASE_STRIP = NO;
				DEBUG_INFORMATION_FORMAT = "dwarf-with-dsym";
				ENABLE_STRICT_OBJC_MSGSEND = YES;
				ENABLE_TESTABILITY = YES;
				GCC_C_LANGUAGE_STANDARD = gnu99;
				GCC_DYNAMIC_NO_PIC = NO;
				GCC_NO_COMMON_BLOCKS = YES;
				GCC_OPTIMIZATION_LEVEL = 0;
				GCC_PREPROCESSOR_DEFINITIONS = (
					"DEBUG=1",
					"$(inherited)",
				);
				GCC_WARN_64_TO_32_BIT_CONVERSION = YES;
				GCC_WARN_ABOUT_RETURN_TYPE = YES_ERROR;
				GCC_WARN_UNDECLARED_SELECTOR = YES;
				GCC_WARN_UNINITIALIZED_AUTOS = YES_AGGRESSIVE;
				GCC_WARN_UNUSED_FUNCTION = YES;
				GCC_WARN_UNUSED_VARIABLE = YES;
				INFOPLIST_FILE = Backbone/Info.plist;
				IPHONEOS_DEPLOYMENT_TARGET = 8.0;
				MTL_ENABLE_DEBUG_INFO = YES;
				ONLY_ACTIVE_ARCH = YES;
				OTHER_SWIFT_FLAGS = "-DDEBUG";
				PRODUCT_BUNDLE_IDENTIFIER = "pl.dreamlab.backbone${BUNDLE_ID_SUFFIX}";
				SDKROOT = iphoneos;
				SWIFT_OPTIMIZATION_LEVEL = "-Onone";
			};
			name = Debug;
		};
		7E4727081C9AC12C00AE4A67 /* Release */ = {
			isa = XCBuildConfiguration;
			buildSettings = {
				ALWAYS_SEARCH_USER_PATHS = NO;
				BUNDLE_DISPLAY_NAME_SUFFIX = "";
				BUNDLE_ID_SUFFIX = "";
				CLANG_CXX_LANGUAGE_STANDARD = "gnu++0x";
				CLANG_CXX_LIBRARY = "libc++";
				CLANG_ENABLE_MODULES = YES;
				CLANG_ENABLE_OBJC_ARC = YES;
				CLANG_WARN_BOOL_CONVERSION = YES;
				CLANG_WARN_CONSTANT_CONVERSION = YES;
				CLANG_WARN_DIRECT_OBJC_ISA_USAGE = YES_ERROR;
				CLANG_WARN_EMPTY_BODY = YES;
				CLANG_WARN_ENUM_CONVERSION = YES;
				CLANG_WARN_INT_CONVERSION = YES;
				CLANG_WARN_OBJC_ROOT_CLASS = YES_ERROR;
				CLANG_WARN_UNREACHABLE_CODE = YES;
				CLANG_WARN__DUPLICATE_METHOD_MATCH = YES;
				"CODE_SIGN_IDENTITY[sdk=iphoneos*]" = "iPhone Developer";
				COPY_PHASE_STRIP = NO;
				DEBUG_INFORMATION_FORMAT = "dwarf-with-dsym";
				ENABLE_NS_ASSERTIONS = NO;
				ENABLE_STRICT_OBJC_MSGSEND = YES;
				GCC_C_LANGUAGE_STANDARD = gnu99;
				GCC_NO_COMMON_BLOCKS = YES;
				GCC_WARN_64_TO_32_BIT_CONVERSION = YES;
				GCC_WARN_ABOUT_RETURN_TYPE = YES_ERROR;
				GCC_WARN_UNDECLARED_SELECTOR = YES;
				GCC_WARN_UNINITIALIZED_AUTOS = YES_AGGRESSIVE;
				GCC_WARN_UNUSED_FUNCTION = YES;
				GCC_WARN_UNUSED_VARIABLE = YES;
				INFOPLIST_FILE = Backbone/Info.plist;
				IPHONEOS_DEPLOYMENT_TARGET = 8.0;
				MTL_ENABLE_DEBUG_INFO = NO;
				OTHER_SWIFT_FLAGS = "";
				PRODUCT_BUNDLE_IDENTIFIER = "pl.dreamlab.backbone${BUNDLE_ID_SUFFIX}";
				SDKROOT = iphoneos;
				VALIDATE_PRODUCT = YES;
			};
			name = Release;
		};
		7E47270A1C9AC12C00AE4A67 /* Debug */ = {
			isa = XCBuildConfiguration;
			baseConfigurationReference = 4E4EEEF058B0D1914798A38A /* Pods-Backbone.debug.xcconfig */;
			buildSettings = {
				ASSETCATALOG_COMPILER_APPICON_NAME = AppIcon;
				IPHONEOS_DEPLOYMENT_TARGET = 8.0;
				LD_RUNPATH_SEARCH_PATHS = "$(inherited) @executable_path/Frameworks";
				PRODUCT_BUNDLE_IDENTIFIER = pl.dreamlab.backbone.dev;
				PRODUCT_NAME = "$(TARGET_NAME)";
			};
			name = Debug;
		};
		7E47270B1C9AC12C00AE4A67 /* Release */ = {
			isa = XCBuildConfiguration;
			baseConfigurationReference = 705F5FB26E209EDEC7F759A0 /* Pods-Backbone.release.xcconfig */;
			buildSettings = {
				ASSETCATALOG_COMPILER_APPICON_NAME = AppIcon;
				IPHONEOS_DEPLOYMENT_TARGET = 8.0;
				LD_RUNPATH_SEARCH_PATHS = "$(inherited) @executable_path/Frameworks";
				PRODUCT_BUNDLE_IDENTIFIER = pl.dreamlab.backbone.dev;
				PRODUCT_NAME = "$(TARGET_NAME)";
			};
			name = Release;
		};
		7E47270D1C9AC12C00AE4A67 /* Debug */ = {
			isa = XCBuildConfiguration;
			baseConfigurationReference = 743EF96FE486910F05817EA4 /* Pods-Backbone-BackboneTests.debug.xcconfig */;
			buildSettings = {
				BUNDLE_LOADER = "$(TEST_HOST)";
				INFOPLIST_FILE = BackboneTests/Info.plist;
				LD_RUNPATH_SEARCH_PATHS = "$(inherited) @executable_path/Frameworks @loader_path/Frameworks";
				PRODUCT_NAME = "$(TARGET_NAME)";
				TEST_HOST = "$(BUILT_PRODUCTS_DIR)/Backbone.app/Backbone";
			};
			name = Debug;
		};
		7E47270E1C9AC12C00AE4A67 /* Release */ = {
			isa = XCBuildConfiguration;
			baseConfigurationReference = CF35DC62173E5AB8A3F6D955 /* Pods-Backbone-BackboneTests.release.xcconfig */;
			buildSettings = {
				BUNDLE_LOADER = "$(TEST_HOST)";
				INFOPLIST_FILE = BackboneTests/Info.plist;
				LD_RUNPATH_SEARCH_PATHS = "$(inherited) @executable_path/Frameworks @loader_path/Frameworks";
				PRODUCT_NAME = "$(TARGET_NAME)";
				TEST_HOST = "$(BUILT_PRODUCTS_DIR)/Backbone.app/Backbone";
			};
			name = Release;
		};
		7E4727421C9ACD3800AE4A67 /* Debug */ = {
			isa = XCBuildConfiguration;
			baseConfigurationReference = B6D7969896AF56515966CCA3 /* Pods-Backbone-BackboneUI.debug.xcconfig */;
			buildSettings = {
				ASSETCATALOG_COMPILER_APPICON_NAME = AppIcon;
				IPHONEOS_DEPLOYMENT_TARGET = 9.0;
				LD_RUNPATH_SEARCH_PATHS = "$(inherited) @executable_path/Frameworks";
				PRODUCT_NAME = "$(TARGET_NAME)";
			};
			name = Debug;
		};
		7E4727431C9ACD3800AE4A67 /* Release */ = {
			isa = XCBuildConfiguration;
			baseConfigurationReference = 9328EE5795AEC1426D311A11 /* Pods-Backbone-BackboneUI.release.xcconfig */;
			buildSettings = {
				ASSETCATALOG_COMPILER_APPICON_NAME = AppIcon;
				IPHONEOS_DEPLOYMENT_TARGET = 9.0;
				LD_RUNPATH_SEARCH_PATHS = "$(inherited) @executable_path/Frameworks";
				PRODUCT_NAME = "$(TARGET_NAME)";
			};
			name = Release;
		};
		7E4727601C9ACE2A00AE4A67 /* Debug */ = {
			isa = XCBuildConfiguration;
			baseConfigurationReference = 12CF942A173338E00C7177E9 /* Pods-BackboneUITests.debug.xcconfig */;
			buildSettings = {
				INFOPLIST_FILE = BackboneUITests/Info.plist;
				LD_RUNPATH_SEARCH_PATHS = "$(inherited) @executable_path/Frameworks @loader_path/Frameworks";
				PRODUCT_NAME = "$(TARGET_NAME)";
				TEST_TARGET_NAME = Backbone;
				USES_XCTRUNNER = YES;
			};
			name = Debug;
		};
		7E4727611C9ACE2A00AE4A67 /* Release */ = {
			isa = XCBuildConfiguration;
			baseConfigurationReference = CDA1BB9EDFDBA8AA8AC00F87 /* Pods-BackboneUITests.release.xcconfig */;
			buildSettings = {
				INFOPLIST_FILE = BackboneUITests/Info.plist;
				LD_RUNPATH_SEARCH_PATHS = "$(inherited) @executable_path/Frameworks @loader_path/Frameworks";
				PRODUCT_NAME = "$(TARGET_NAME)";
				TEST_TARGET_NAME = Backbone;
				USES_XCTRUNNER = YES;
			};
			name = Release;
		};
		7E47277D1C9C047800AE4A67 /* Alpha */ = {
			isa = XCBuildConfiguration;
			buildSettings = {
				ALWAYS_SEARCH_USER_PATHS = NO;
				BUNDLE_DISPLAY_NAME_SUFFIX = "α";
				BUNDLE_ID_SUFFIX = .alpha;
				CLANG_CXX_LANGUAGE_STANDARD = "gnu++0x";
				CLANG_CXX_LIBRARY = "libc++";
				CLANG_ENABLE_MODULES = YES;
				CLANG_ENABLE_OBJC_ARC = YES;
				CLANG_WARN_BOOL_CONVERSION = YES;
				CLANG_WARN_CONSTANT_CONVERSION = YES;
				CLANG_WARN_DIRECT_OBJC_ISA_USAGE = YES_ERROR;
				CLANG_WARN_EMPTY_BODY = YES;
				CLANG_WARN_ENUM_CONVERSION = YES;
				CLANG_WARN_INT_CONVERSION = YES;
				CLANG_WARN_OBJC_ROOT_CLASS = YES_ERROR;
				CLANG_WARN_UNREACHABLE_CODE = YES;
				CLANG_WARN__DUPLICATE_METHOD_MATCH = YES;
				"CODE_SIGN_IDENTITY[sdk=iphoneos*]" = "iPhone Developer";
				COPY_PHASE_STRIP = NO;
				DEBUG_INFORMATION_FORMAT = "dwarf-with-dsym";
				ENABLE_STRICT_OBJC_MSGSEND = YES;
				ENABLE_TESTABILITY = YES;
				GCC_C_LANGUAGE_STANDARD = gnu99;
				GCC_DYNAMIC_NO_PIC = NO;
				GCC_NO_COMMON_BLOCKS = YES;
				GCC_OPTIMIZATION_LEVEL = 0;
				GCC_PREPROCESSOR_DEFINITIONS = "";
				GCC_WARN_64_TO_32_BIT_CONVERSION = YES;
				GCC_WARN_ABOUT_RETURN_TYPE = YES_ERROR;
				GCC_WARN_UNDECLARED_SELECTOR = YES;
				GCC_WARN_UNINITIALIZED_AUTOS = YES_AGGRESSIVE;
				GCC_WARN_UNUSED_FUNCTION = YES;
				GCC_WARN_UNUSED_VARIABLE = YES;
				INFOPLIST_FILE = Backbone/Info.plist;
				IPHONEOS_DEPLOYMENT_TARGET = 8.0;
				MTL_ENABLE_DEBUG_INFO = NO;
				ONLY_ACTIVE_ARCH = YES;
				OTHER_SWIFT_FLAGS = "-DALPHA";
				PRODUCT_BUNDLE_IDENTIFIER = "pl.dreamlab.backbone${BUNDLE_ID_SUFFIX}";
				SDKROOT = iphoneos;
				SWIFT_OPTIMIZATION_LEVEL = "-Onone";
			};
			name = Alpha;
		};
		7E47277E1C9C047800AE4A67 /* Alpha */ = {
			isa = XCBuildConfiguration;
			baseConfigurationReference = 2066F2F894C3C9E9316A4803 /* Pods-Backbone.alpha.xcconfig */;
			buildSettings = {
				ASSETCATALOG_COMPILER_APPICON_NAME = AppIcon;
				IPHONEOS_DEPLOYMENT_TARGET = 8.0;
				LD_RUNPATH_SEARCH_PATHS = "$(inherited) @executable_path/Frameworks";
				PRODUCT_BUNDLE_IDENTIFIER = pl.dreamlab.backbone.dev;
				PRODUCT_NAME = "$(TARGET_NAME)";
			};
			name = Alpha;
		};
		7E47277F1C9C047800AE4A67 /* Alpha */ = {
			isa = XCBuildConfiguration;
			baseConfigurationReference = 5436BF875535A8027456FAED /* Pods-Backbone-BackboneTests.alpha.xcconfig */;
			buildSettings = {
				BUNDLE_LOADER = "$(TEST_HOST)";
				INFOPLIST_FILE = BackboneTests/Info.plist;
				LD_RUNPATH_SEARCH_PATHS = "$(inherited) @executable_path/Frameworks @loader_path/Frameworks";
				PRODUCT_NAME = "$(TARGET_NAME)";
				TEST_HOST = "$(BUILT_PRODUCTS_DIR)/Backbone.app/Backbone";
			};
			name = Alpha;
		};
		7E4727801C9C047800AE4A67 /* Alpha */ = {
			isa = XCBuildConfiguration;
			baseConfigurationReference = 1CC8A19D5E8FED459B9E381E /* Pods-Backbone-BackboneUI.alpha.xcconfig */;
			buildSettings = {
				ASSETCATALOG_COMPILER_APPICON_NAME = AppIcon;
				IPHONEOS_DEPLOYMENT_TARGET = 9.0;
				LD_RUNPATH_SEARCH_PATHS = "$(inherited) @executable_path/Frameworks";
				PRODUCT_NAME = "$(TARGET_NAME)";
			};
			name = Alpha;
		};
		7E4727811C9C047800AE4A67 /* Alpha */ = {
			isa = XCBuildConfiguration;
			baseConfigurationReference = 192FA522433009EDE5E61E73 /* Pods-BackboneUITests.alpha.xcconfig */;
			buildSettings = {
				INFOPLIST_FILE = BackboneUITests/Info.plist;
				LD_RUNPATH_SEARCH_PATHS = "$(inherited) @executable_path/Frameworks @loader_path/Frameworks";
				PRODUCT_NAME = "$(TARGET_NAME)";
				TEST_TARGET_NAME = Backbone;
				USES_XCTRUNNER = YES;
			};
			name = Alpha;
		};
/* End XCBuildConfiguration section */

/* Begin XCConfigurationList section */
		7E4726DC1C9AC12C00AE4A67 /* Build configuration list for PBXProject "Backbone" */ = {
			isa = XCConfigurationList;
			buildConfigurations = (
				7E4727071C9AC12C00AE4A67 /* Debug */,
				7E47277D1C9C047800AE4A67 /* Alpha */,
				7E4727081C9AC12C00AE4A67 /* Release */,
			);
			defaultConfigurationIsVisible = 0;
			defaultConfigurationName = Release;
		};
		7E4727091C9AC12C00AE4A67 /* Build configuration list for PBXNativeTarget "Backbone" */ = {
			isa = XCConfigurationList;
			buildConfigurations = (
				7E47270A1C9AC12C00AE4A67 /* Debug */,
				7E47277E1C9C047800AE4A67 /* Alpha */,
				7E47270B1C9AC12C00AE4A67 /* Release */,
			);
			defaultConfigurationIsVisible = 0;
			defaultConfigurationName = Release;
		};
		7E47270C1C9AC12C00AE4A67 /* Build configuration list for PBXNativeTarget "BackboneTests" */ = {
			isa = XCConfigurationList;
			buildConfigurations = (
				7E47270D1C9AC12C00AE4A67 /* Debug */,
				7E47277F1C9C047800AE4A67 /* Alpha */,
				7E47270E1C9AC12C00AE4A67 /* Release */,
			);
			defaultConfigurationIsVisible = 0;
			defaultConfigurationName = Release;
		};
		7E4727411C9ACD3800AE4A67 /* Build configuration list for PBXNativeTarget "BackboneUI" */ = {
			isa = XCConfigurationList;
			buildConfigurations = (
				7E4727421C9ACD3800AE4A67 /* Debug */,
				7E4727801C9C047800AE4A67 /* Alpha */,
				7E4727431C9ACD3800AE4A67 /* Release */,
			);
			defaultConfigurationIsVisible = 0;
			defaultConfigurationName = Release;
		};
		7E47275F1C9ACE2A00AE4A67 /* Build configuration list for PBXNativeTarget "BackboneUITests" */ = {
			isa = XCConfigurationList;
			buildConfigurations = (
				7E4727601C9ACE2A00AE4A67 /* Debug */,
				7E4727811C9C047800AE4A67 /* Alpha */,
				7E4727611C9ACE2A00AE4A67 /* Release */,
			);
			defaultConfigurationIsVisible = 0;
			defaultConfigurationName = Release;
		};
/* End XCConfigurationList section */
	};
	rootObject = 7E4726D91C9AC12C00AE4A67 /* Project object */;
}
